// !$*UTF8*$!
{
	archiveVersion = 1;
	classes = {
	};
	objectVersion = 46;
	objects = {

/* Begin PBXBuildFile section */
		B609559F1AE962410098518A /* Population.cpp in Sources */ = {isa = PBXBuildFile; fileRef = B60955991AE962410098518A /* Population.cpp */; };
		B60955A01AE962410098518A /* tools.cpp in Sources */ = {isa = PBXBuildFile; fileRef = B609559A1AE962410098518A /* tools.cpp */; };
		B60955A21AE962850098518A /* main.cpp in Sources */ = {isa = PBXBuildFile; fileRef = B60955A11AE962850098518A /* main.cpp */; };
/* End PBXBuildFile section */

/* Begin PBXCopyFilesBuildPhase section */
		B609557B1AE961B10098518A /* CopyFiles */ = {
			isa = PBXCopyFilesBuildPhase;
			buildActionMask = 2147483647;
			dstPath = /usr/share/man/man1/;
			dstSubfolderSpec = 0;
			files = (
			);
			runOnlyForDeploymentPostprocessing = 1;
		};
/* End PBXCopyFilesBuildPhase section */

/* Begin PBXFileReference section */
		B609557D1AE961B10098518A /* VCFPopStat */ = {isa = PBXFileReference; explicitFileType = "compiled.mach-o.executable"; includeInIndex = 0; path = VCFPopStat; sourceTree = BUILT_PRODUCTS_DIR; };
		B60955891AE962410098518A /* participant_population.tsv */ = {isa = PBXFileReference; fileEncoding = 4; lastKnownFileType = text; path = participant_population.tsv; sourceTree = "<group>"; };
		B609558A1AE962410098518A /* Popstat.tsv */ = {isa = PBXFileReference; fileEncoding = 4; lastKnownFileType = text; path = Popstat.tsv; sourceTree = "<group>"; };
		B609558B1AE962410098518A /* population_stats.tsv */ = {isa = PBXFileReference; fileEncoding = 4; lastKnownFileType = text; path = population_stats.tsv; sourceTree = "<group>"; };
		B609558C1AE962410098518A /* populations.tsv */ = {isa = PBXFileReference; fileEncoding = 4; lastKnownFileType = text; path = populations.tsv; sourceTree = "<group>"; };
		B609558D1AE962410098518A /* sequence.index */ = {isa = PBXFileReference; fileEncoding = 4; lastKnownFileType = text; path = sequence.index; sourceTree = "<group>"; };
		B609558E1AE962410098518A /* superpopulations.tsv */ = {isa = PBXFileReference; fileEncoding = 4; lastKnownFileType = text; path = superpopulations.tsv; sourceTree = "<group>"; };
		B60955911AE962410098518A /* Population.h */ = {isa = PBXFileReference; fileEncoding = 4; lastKnownFileType = sourcecode.c.h; path = Population.h; sourceTree = "<group>"; };
		B60955921AE962410098518A /* tools.h */ = {isa = PBXFileReference; fileEncoding = 4; lastKnownFileType = sourcecode.c.h; path = tools.h; sourceTree = "<group>"; };
		B60955991AE962410098518A /* Population.cpp */ = {isa = PBXFileReference; fileEncoding = 4; lastKnownFileType = sourcecode.cpp.cpp; path = Population.cpp; sourceTree = "<group>"; };
		B609559A1AE962410098518A /* tools.cpp */ = {isa = PBXFileReference; fileEncoding = 4; lastKnownFileType = sourcecode.cpp.cpp; path = tools.cpp; sourceTree = "<group>"; };
		B60955A11AE962850098518A /* main.cpp */ = {isa = PBXFileReference; fileEncoding = 4; lastKnownFileType = sourcecode.cpp.cpp; path = main.cpp; sourceTree = "<group>"; };
		B60BFAEA1AE982FF00314373 /* PopStat.ALL.chr1.test.vcf */ = {isa = PBXFileReference; fileEncoding = 4; lastKnownFileType = text; path = PopStat.ALL.chr1.test.vcf; sourceTree = "<group>"; };
/* End PBXFileReference section */

/* Begin PBXFrameworksBuildPhase section */
		B609557A1AE961B10098518A /* Frameworks */ = {
			isa = PBXFrameworksBuildPhase;
			buildActionMask = 2147483647;
			files = (
			);
			runOnlyForDeploymentPostprocessing = 0;
		};
/* End PBXFrameworksBuildPhase section */

/* Begin PBXGroup section */
		B60955741AE961B10098518A = {
			isa = PBXGroup;
			children = (
				B60955871AE962410098518A /* VCFPopStat */,
				B609557E1AE961B10098518A /* Products */,
			);
			sourceTree = "<group>";
		};
		B609557E1AE961B10098518A /* Products */ = {
			isa = PBXGroup;
			children = (
				B609557D1AE961B10098518A /* VCFPopStat */,
			);
			name = Products;
			sourceTree = "<group>";
		};
		B60955871AE962410098518A /* VCFPopStat */ = {
			isa = PBXGroup;
			children = (
				B60955881AE962410098518A /* files */,
				B60955901AE962410098518A /* include */,
				B60955981AE962410098518A /* src */,
			);
			path = VCFPopStat;
			sourceTree = "<group>";
		};
		B60955881AE962410098518A /* files */ = {
			isa = PBXGroup;
			children = (
				B60BFAEA1AE982FF00314373 /* PopStat.ALL.chr1.test.vcf */,
				B60955891AE962410098518A /* participant_population.tsv */,
				B609558A1AE962410098518A /* Popstat.tsv */,
				B609558B1AE962410098518A /* population_stats.tsv */,
				B609558C1AE962410098518A /* populations.tsv */,
				B609558D1AE962410098518A /* sequence.index */,
				B609558E1AE962410098518A /* superpopulations.tsv */,
			);
			path = files;
			sourceTree = "<group>";
		};
		B60955901AE962410098518A /* include */ = {
			isa = PBXGroup;
			children = (
				B60955911AE962410098518A /* Population.h */,
				B60955921AE962410098518A /* tools.h */,
			);
			path = include;
			sourceTree = "<group>";
		};
		B60955981AE962410098518A /* src */ = {
			isa = PBXGroup;
			children = (
				B60955A11AE962850098518A /* main.cpp */,
				B60955991AE962410098518A /* Population.cpp */,
				B609559A1AE962410098518A /* tools.cpp */,
			);
			path = src;
			sourceTree = "<group>";
		};
/* End PBXGroup section */

/* Begin PBXNativeTarget section */
		B609557C1AE961B10098518A /* VCFPopStat */ = {
			isa = PBXNativeTarget;
			buildConfigurationList = B60955841AE961B10098518A /* Build configuration list for PBXNativeTarget "VCFPopStat" */;
			buildPhases = (
				B60955791AE961B10098518A /* Sources */,
				B609557A1AE961B10098518A /* Frameworks */,
				B609557B1AE961B10098518A /* CopyFiles */,
			);
			buildRules = (
			);
			dependencies = (
			);
			name = VCFPopStat;
			productName = VCFPopStat;
			productReference = B609557D1AE961B10098518A /* VCFPopStat */;
			productType = "com.apple.product-type.tool";
		};
/* End PBXNativeTarget section */

/* Begin PBXProject section */
		B60955751AE961B10098518A /* Project object */ = {
			isa = PBXProject;
			attributes = {
				LastUpgradeCheck = 0630;
				ORGANIZATIONNAME = "Song Lab";
				TargetAttributes = {
					B609557C1AE961B10098518A = {
						CreatedOnToolsVersion = 6.3.1;
					};
				};
			};
			buildConfigurationList = B60955781AE961B10098518A /* Build configuration list for PBXProject "VCFPopStat" */;
			compatibilityVersion = "Xcode 3.2";
			developmentRegion = English;
			hasScannedForEncodings = 0;
			knownRegions = (
				en,
			);
			mainGroup = B60955741AE961B10098518A;
			productRefGroup = B609557E1AE961B10098518A /* Products */;
			projectDirPath = "";
			projectRoot = "";
			targets = (
				B609557C1AE961B10098518A /* VCFPopStat */,
			);
		};
/* End PBXProject section */

/* Begin PBXSourcesBuildPhase section */
		B60955791AE961B10098518A /* Sources */ = {
			isa = PBXSourcesBuildPhase;
			buildActionMask = 2147483647;
			files = (
				B609559F1AE962410098518A /* Population.cpp in Sources */,
				B60955A01AE962410098518A /* tools.cpp in Sources */,
				B60955A21AE962850098518A /* main.cpp in Sources */,
			);
			runOnlyForDeploymentPostprocessing = 0;
		};
/* End PBXSourcesBuildPhase section */

/* Begin XCBuildConfiguration section */
		B60955821AE961B10098518A /* Debug */ = {
			isa = XCBuildConfiguration;
			buildSettings = {
				ALWAYS_SEARCH_USER_PATHS = NO;
				CLANG_CXX_LANGUAGE_STANDARD = "gnu++0x";
				CLANG_CXX_LIBRARY = "libc++";
				CLANG_ENABLE_MODULES = YES;
				CLANG_ENABLE_OBJC_ARC = YES;
				CLANG_WARN_BOOL_CONVERSION = YES;
				CLANG_WARN_CONSTANT_CONVERSION = YES;
				CLANG_WARN_DIRECT_OBJC_ISA_USAGE = YES_ERROR;
				CLANG_WARN_EMPTY_BODY = YES;
				CLANG_WARN_ENUM_CONVERSION = YES;
				CLANG_WARN_INT_CONVERSION = YES;
				CLANG_WARN_OBJC_ROOT_CLASS = YES_ERROR;
				CLANG_WARN_UNREACHABLE_CODE = YES;
				CLANG_WARN__DUPLICATE_METHOD_MATCH = YES;
				COPY_PHASE_STRIP = NO;
				DEBUG_INFORMATION_FORMAT = dwarf;
				ENABLE_STRICT_OBJC_MSGSEND = YES;
				GCC_C_LANGUAGE_STANDARD = gnu99;
				GCC_DYNAMIC_NO_PIC = NO;
				GCC_NO_COMMON_BLOCKS = YES;
				GCC_OPTIMIZATION_LEVEL = 0;
				GCC_PREPROCESSOR_DEFINITIONS = (
					"DEBUG=1",
					"$(inherited)",
				);
				GCC_SYMBOLS_PRIVATE_EXTERN = NO;
				GCC_WARN_64_TO_32_BIT_CONVERSION = YES;
				GCC_WARN_ABOUT_RETURN_TYPE = YES_ERROR;
				GCC_WARN_UNDECLARED_SELECTOR = YES;
				GCC_WARN_UNINITIALIZED_AUTOS = YES_AGGRESSIVE;
				GCC_WARN_UNUSED_FUNCTION = YES;
				GCC_WARN_UNUSED_VARIABLE = YES;
				MACOSX_DEPLOYMENT_TARGET = 10.10;
				MTL_ENABLE_DEBUG_INFO = YES;
				ONLY_ACTIVE_ARCH = YES;
				SDKROOT = macosx;
			};
			name = Debug;
		};
		B60955831AE961B10098518A /* Release */ = {
			isa = XCBuildConfiguration;
			buildSettings = {
				ALWAYS_SEARCH_USER_PATHS = NO;
				CLANG_CXX_LANGUAGE_STANDARD = "gnu++0x";
				CLANG_CXX_LIBRARY = "libc++";
				CLANG_ENABLE_MODULES = YES;
				CLANG_ENABLE_OBJC_ARC = YES;
				CLANG_WARN_BOOL_CONVERSION = YES;
				CLANG_WARN_CONSTANT_CONVERSION = YES;
				CLANG_WARN_DIRECT_OBJC_ISA_USAGE = YES_ERROR;
				CLANG_WARN_EMPTY_BODY = YES;
				CLANG_WARN_ENUM_CONVERSION = YES;
				CLANG_WARN_INT_CONVERSION = YES;
				CLANG_WARN_OBJC_ROOT_CLASS = YES_ERROR;
				CLANG_WARN_UNREACHABLE_CODE = YES;
				CLANG_WARN__DUPLICATE_METHOD_MATCH = YES;
				COPY_PHASE_STRIP = NO;
				DEBUG_INFORMATION_FORMAT = "dwarf-with-dsym";
				ENABLE_NS_ASSERTIONS = NO;
				ENABLE_STRICT_OBJC_MSGSEND = YES;
				GCC_C_LANGUAGE_STANDARD = gnu99;
				GCC_NO_COMMON_BLOCKS = YES;
				GCC_WARN_64_TO_32_BIT_CONVERSION = YES;
				GCC_WARN_ABOUT_RETURN_TYPE = YES_ERROR;
				GCC_WARN_UNDECLARED_SELECTOR = YES;
				GCC_WARN_UNINITIALIZED_AUTOS = YES_AGGRESSIVE;
				GCC_WARN_UNUSED_FUNCTION = YES;
				GCC_WARN_UNUSED_VARIABLE = YES;
				MACOSX_DEPLOYMENT_TARGET = 10.10;
				MTL_ENABLE_DEBUG_INFO = NO;
				SDKROOT = macosx;
			};
			name = Release;
		};
		B60955851AE961B10098518A /* Debug */ = {
			isa = XCBuildConfiguration;
			buildSettings = {
				PRODUCT_NAME = "$(TARGET_NAME)";
			};
			name = Debug;
		};
		B60955861AE961B10098518A /* Release */ = {
			isa = XCBuildConfiguration;
			buildSettings = {
				PRODUCT_NAME = "$(TARGET_NAME)";
			};
			name = Release;
		};
/* End XCBuildConfiguration section */

/* Begin XCConfigurationList section */
		B60955781AE961B10098518A /* Build configuration list for PBXProject "VCFPopStat" */ = {
			isa = XCConfigurationList;
			buildConfigurations = (
				B60955821AE961B10098518A /* Debug */,
				B60955831AE961B10098518A /* Release */,
			);
			defaultConfigurationIsVisible = 0;
			defaultConfigurationName = Release;
		};
		B60955841AE961B10098518A /* Build configuration list for PBXNativeTarget "VCFPopStat" */ = {
			isa = XCConfigurationList;
			buildConfigurations = (
				B60955851AE961B10098518A /* Debug */,
				B60955861AE961B10098518A /* Release */,
			);
			defaultConfigurationIsVisible = 0;
			defaultConfigurationName = Release;
		};
/* End XCConfigurationList section */
	};
	rootObject = B60955751AE961B10098518A /* Project object */;
}
