// !$*UTF8*$!
{
	archiveVersion = 1;
	classes = {
	};
	objectVersion = 46;
	objects = {

/* Begin PBXBuildFile section */
		B6209BEE1AE04DD700D289FC /* main.cpp in Sources */ = {isa = PBXBuildFile; fileRef = B6209BED1AE04DD700D289FC /* main.cpp */; };
		B6209C011AE0525200D289FC /* tools.cpp in Sources */ = {isa = PBXBuildFile; fileRef = B6209C001AE0525200D289FC /* tools.cpp */; };
		B6209C071AE08A4A00D289FC /* Population.cpp in Sources */ = {isa = PBXBuildFile; fileRef = B6209C051AE08A4A00D289FC /* Population.cpp */; };
		B6C5073C1AE756AA009B2177 /* test.out in CopyFiles */ = {isa = PBXBuildFile; fileRef = B6209BFE1AE0513500D289FC /* test.out */; };
		B6C5073D1AE756AA009B2177 /* participant_population.tsv in CopyFiles */ = {isa = PBXBuildFile; fileRef = B6209BF51AE04F9700D289FC /* participant_population.tsv */; };
		B6C5073E1AE756AA009B2177 /* population_stats.tsv in CopyFiles */ = {isa = PBXBuildFile; fileRef = B6209BF61AE04F9700D289FC /* population_stats.tsv */; };
		B6C5073F1AE756AA009B2177 /* populations.tsv in CopyFiles */ = {isa = PBXBuildFile; fileRef = B6209BF71AE04F9700D289FC /* populations.tsv */; };
		B6C507401AE756AA009B2177 /* sequence.index in CopyFiles */ = {isa = PBXBuildFile; fileRef = B6209BF81AE04F9700D289FC /* sequence.index */; };
/* End PBXBuildFile section */

/* Begin PBXCopyFilesBuildPhase section */
		B6209BE81AE04DD700D289FC /* CopyFiles */ = {
			isa = PBXCopyFilesBuildPhase;
			buildActionMask = 2147483647;
			dstPath = /usr/share/man/man1/;
			dstSubfolderSpec = 0;
			files = (
			);
			runOnlyForDeploymentPostprocessing = 1;
		};
		B6209BF41AE04F3300D289FC /* CopyFiles */ = {
			isa = PBXCopyFilesBuildPhase;
			buildActionMask = 2147483647;
			dstPath = "";
			dstSubfolderSpec = 16;
			files = (
				B6C5073C1AE756AA009B2177 /* test.out in CopyFiles */,
				B6C5073D1AE756AA009B2177 /* participant_population.tsv in CopyFiles */,
				B6C5073E1AE756AA009B2177 /* population_stats.tsv in CopyFiles */,
				B6C5073F1AE756AA009B2177 /* populations.tsv in CopyFiles */,
				B6C507401AE756AA009B2177 /* sequence.index in CopyFiles */,
			);
			runOnlyForDeploymentPostprocessing = 0;
		};
/* End PBXCopyFilesBuildPhase section */

/* Begin PBXFileReference section */
		B6209BEA1AE04DD700D289FC /* VCFPopStat */ = {isa = PBXFileReference; explicitFileType = "compiled.mach-o.executable"; includeInIndex = 0; path = VCFPopStat; sourceTree = BUILT_PRODUCTS_DIR; };
		B6209BED1AE04DD700D289FC /* main.cpp */ = {isa = PBXFileReference; lastKnownFileType = sourcecode.cpp.cpp; path = main.cpp; sourceTree = "<group>"; };
		B6209BF51AE04F9700D289FC /* participant_population.tsv */ = {isa = PBXFileReference; lastKnownFileType = text; name = participant_population.tsv; path = ../files/participant_population.tsv; sourceTree = "<group>"; };
		B6209BF61AE04F9700D289FC /* population_stats.tsv */ = {isa = PBXFileReference; lastKnownFileType = text; name = population_stats.tsv; path = ../files/population_stats.tsv; sourceTree = "<group>"; };
		B6209BF71AE04F9700D289FC /* populations.tsv */ = {isa = PBXFileReference; lastKnownFileType = text; name = populations.tsv; path = ../files/populations.tsv; sourceTree = "<group>"; };
		B6209BF81AE04F9700D289FC /* sequence.index */ = {isa = PBXFileReference; lastKnownFileType = text; name = sequence.index; path = ../files/sequence.index; sourceTree = "<group>"; };
		B6209BFE1AE0513500D289FC /* test.out */ = {isa = PBXFileReference; lastKnownFileType = text; name = test.out; path = ../../../../Desktop/test.out; sourceTree = "<group>"; };
		B6209C001AE0525200D289FC /* tools.cpp */ = {isa = PBXFileReference; fileEncoding = 4; lastKnownFileType = sourcecode.cpp.cpp; name = tools.cpp; path = ../../../Var/src/tools.cpp; sourceTree = "<group>"; };
		B6209C021AE0526C00D289FC /* tools.h */ = {isa = PBXFileReference; fileEncoding = 4; lastKnownFileType = sourcecode.c.h; name = tools.h; path = ../../../Var/include/tools.h; sourceTree = "<group>"; };
		B6209C051AE08A4A00D289FC /* Population.cpp */ = {isa = PBXFileReference; fileEncoding = 4; lastKnownFileType = sourcecode.cpp.cpp; path = Population.cpp; sourceTree = "<group>"; };
		B6209C061AE08A4A00D289FC /* Population.h */ = {isa = PBXFileReference; fileEncoding = 4; lastKnownFileType = sourcecode.c.h; path = Population.h; sourceTree = "<group>"; };
		B6C507411AE82468009B2177 /* Popstat.tsv */ = {isa = PBXFileReference; fileEncoding = 4; lastKnownFileType = text; name = Popstat.tsv; path = "../../../../Library/Developer/Xcode/DerivedData/VCFPopStat-awlvgcdvtomlagdluxhhcldakgkv/Build/Products/Debug/Popstat.tsv"; sourceTree = "<group>"; };
/* End PBXFileReference section */

/* Begin PBXFrameworksBuildPhase section */
		B6209BE71AE04DD700D289FC /* Frameworks */ = {
			isa = PBXFrameworksBuildPhase;
			buildActionMask = 2147483647;
			files = (
			);
			runOnlyForDeploymentPostprocessing = 0;
		};
/* End PBXFrameworksBuildPhase section */

/* Begin PBXGroup section */
		B6209BE11AE04DD700D289FC = {
			isa = PBXGroup;
			children = (
				B6209BFD1AE050DE00D289FC /* files */,
				B6209BEC1AE04DD700D289FC /* VCFPopStat */,
				B6209BEB1AE04DD700D289FC /* Products */,
			);
			sourceTree = "<group>";
		};
		B6209BEB1AE04DD700D289FC /* Products */ = {
			isa = PBXGroup;
			children = (
				B6209BEA1AE04DD700D289FC /* VCFPopStat */,
			);
			name = Products;
			sourceTree = "<group>";
		};
		B6209BEC1AE04DD700D289FC /* VCFPopStat */ = {
			isa = PBXGroup;
			children = (
				B6209C031AE0527700D289FC /* include */,
				B6209C041AE0528400D289FC /* src */,
			);
			path = VCFPopStat;
			sourceTree = "<group>";
		};
		B6209BFD1AE050DE00D289FC /* files */ = {
			isa = PBXGroup;
			children = (
				B6C507411AE82468009B2177 /* Popstat.tsv */,
				B6209BFE1AE0513500D289FC /* test.out */,
				B6209BF51AE04F9700D289FC /* participant_population.tsv */,
				B6209BF61AE04F9700D289FC /* population_stats.tsv */,
				B6209BF71AE04F9700D289FC /* populations.tsv */,
				B6209BF81AE04F9700D289FC /* sequence.index */,
			);
			name = files;
			sourceTree = "<group>";
		};
		B6209C031AE0527700D289FC /* include */ = {
			isa = PBXGroup;
			children = (
				B6209C061AE08A4A00D289FC /* Population.h */,
				B6209C021AE0526C00D289FC /* tools.h */,
			);
			name = include;
			sourceTree = "<group>";
		};
		B6209C041AE0528400D289FC /* src */ = {
			isa = PBXGroup;
			children = (
				B6209BED1AE04DD700D289FC /* main.cpp */,
				B6209C001AE0525200D289FC /* tools.cpp */,
				B6209C051AE08A4A00D289FC /* Population.cpp */,
			);
			name = src;
			sourceTree = "<group>";
		};
/* End PBXGroup section */

/* Begin PBXNativeTarget section */
		B6209BE91AE04DD700D289FC /* VCFPopStat */ = {
			isa = PBXNativeTarget;
			buildConfigurationList = B6209BF11AE04DD700D289FC /* Build configuration list for PBXNativeTarget "VCFPopStat" */;
			buildPhases = (
				B6209BE61AE04DD700D289FC /* Sources */,
				B6209BE71AE04DD700D289FC /* Frameworks */,
				B6209BE81AE04DD700D289FC /* CopyFiles */,
				B6209BF41AE04F3300D289FC /* CopyFiles */,
			);
			buildRules = (
			);
			dependencies = (
			);
			name = VCFPopStat;
			productName = VCFPopStat;
			productReference = B6209BEA1AE04DD700D289FC /* VCFPopStat */;
			productType = "com.apple.product-type.tool";
		};
/* End PBXNativeTarget section */

/* Begin PBXProject section */
		B6209BE21AE04DD700D289FC /* Project object */ = {
			isa = PBXProject;
			attributes = {
				LastUpgradeCheck = 0610;
				ORGANIZATIONNAME = "Song Lab";
				TargetAttributes = {
					B6209BE91AE04DD700D289FC = {
						CreatedOnToolsVersion = 6.1.1;
					};
				};
			};
			buildConfigurationList = B6209BE51AE04DD700D289FC /* Build configuration list for PBXProject "VCFPopStat" */;
			compatibilityVersion = "Xcode 3.2";
			developmentRegion = English;
			hasScannedForEncodings = 0;
			knownRegions = (
				en,
			);
			mainGroup = B6209BE11AE04DD700D289FC;
			productRefGroup = B6209BEB1AE04DD700D289FC /* Products */;
			projectDirPath = "";
			projectRoot = "";
			targets = (
				B6209BE91AE04DD700D289FC /* VCFPopStat */,
			);
		};
/* End PBXProject section */

/* Begin PBXSourcesBuildPhase section */
		B6209BE61AE04DD700D289FC /* Sources */ = {
			isa = PBXSourcesBuildPhase;
			buildActionMask = 2147483647;
			files = (
				B6209C071AE08A4A00D289FC /* Population.cpp in Sources */,
				B6209BEE1AE04DD700D289FC /* main.cpp in Sources */,
				B6209C011AE0525200D289FC /* tools.cpp in Sources */,
			);
			runOnlyForDeploymentPostprocessing = 0;
		};
/* End PBXSourcesBuildPhase section */

/* Begin XCBuildConfiguration section */
		B6209BEF1AE04DD700D289FC /* Debug */ = {
			isa = XCBuildConfiguration;
			buildSettings = {
				ALWAYS_SEARCH_USER_PATHS = NO;
				CLANG_CXX_LANGUAGE_STANDARD = "gnu++0x";
				CLANG_CXX_LIBRARY = "libc++";
				CLANG_ENABLE_MODULES = YES;
				CLANG_ENABLE_OBJC_ARC = YES;
				CLANG_WARN_BOOL_CONVERSION = YES;
				CLANG_WARN_CONSTANT_CONVERSION = YES;
				CLANG_WARN_DIRECT_OBJC_ISA_USAGE = YES_ERROR;
				CLANG_WARN_EMPTY_BODY = YES;
				CLANG_WARN_ENUM_CONVERSION = YES;
				CLANG_WARN_INT_CONVERSION = YES;
				CLANG_WARN_OBJC_ROOT_CLASS = YES_ERROR;
				CLANG_WARN_UNREACHABLE_CODE = YES;
				CLANG_WARN__DUPLICATE_METHOD_MATCH = YES;
				COPY_PHASE_STRIP = NO;
				ENABLE_STRICT_OBJC_MSGSEND = YES;
				GCC_C_LANGUAGE_STANDARD = gnu99;
				GCC_DYNAMIC_NO_PIC = NO;
				GCC_OPTIMIZATION_LEVEL = 0;
				GCC_PREPROCESSOR_DEFINITIONS = (
					"DEBUG=1",
					"$(inherited)",
				);
				GCC_SYMBOLS_PRIVATE_EXTERN = NO;
				GCC_WARN_64_TO_32_BIT_CONVERSION = YES;
				GCC_WARN_ABOUT_RETURN_TYPE = YES_ERROR;
				GCC_WARN_UNDECLARED_SELECTOR = YES;
				GCC_WARN_UNINITIALIZED_AUTOS = YES_AGGRESSIVE;
				GCC_WARN_UNUSED_FUNCTION = YES;
				GCC_WARN_UNUSED_VARIABLE = YES;
				MACOSX_DEPLOYMENT_TARGET = 10.10;
				MTL_ENABLE_DEBUG_INFO = YES;
				ONLY_ACTIVE_ARCH = YES;
				SDKROOT = macosx;
			};
			name = Debug;
		};
		B6209BF01AE04DD700D289FC /* Release */ = {
			isa = XCBuildConfiguration;
			buildSettings = {
				ALWAYS_SEARCH_USER_PATHS = NO;
				CLANG_CXX_LANGUAGE_STANDARD = "gnu++0x";
				CLANG_CXX_LIBRARY = "libc++";
				CLANG_ENABLE_MODULES = YES;
				CLANG_ENABLE_OBJC_ARC = YES;
				CLANG_WARN_BOOL_CONVERSION = YES;
				CLANG_WARN_CONSTANT_CONVERSION = YES;
				CLANG_WARN_DIRECT_OBJC_ISA_USAGE = YES_ERROR;
				CLANG_WARN_EMPTY_BODY = YES;
				CLANG_WARN_ENUM_CONVERSION = YES;
				CLANG_WARN_INT_CONVERSION = YES;
				CLANG_WARN_OBJC_ROOT_CLASS = YES_ERROR;
				CLANG_WARN_UNREACHABLE_CODE = YES;
				CLANG_WARN__DUPLICATE_METHOD_MATCH = YES;
				COPY_PHASE_STRIP = YES;
				DEBUG_INFORMATION_FORMAT = "dwarf-with-dsym";
				ENABLE_NS_ASSERTIONS = NO;
				ENABLE_STRICT_OBJC_MSGSEND = YES;
				GCC_C_LANGUAGE_STANDARD = gnu99;
				GCC_WARN_64_TO_32_BIT_CONVERSION = YES;
				GCC_WARN_ABOUT_RETURN_TYPE = YES_ERROR;
				GCC_WARN_UNDECLARED_SELECTOR = YES;
				GCC_WARN_UNINITIALIZED_AUTOS = YES_AGGRESSIVE;
				GCC_WARN_UNUSED_FUNCTION = YES;
				GCC_WARN_UNUSED_VARIABLE = YES;
				MACOSX_DEPLOYMENT_TARGET = 10.10;
				MTL_ENABLE_DEBUG_INFO = NO;
				SDKROOT = macosx;
			};
			name = Release;
		};
		B6209BF21AE04DD700D289FC /* Debug */ = {
			isa = XCBuildConfiguration;
			buildSettings = {
				GCC_C_LANGUAGE_STANDARD = gnu99;
				PRODUCT_NAME = "$(TARGET_NAME)";
				USER_HEADER_SEARCH_PATHS = /Users/Fred/Documents/Bioinformatics/Var/include;
			};
			name = Debug;
		};
		B6209BF31AE04DD700D289FC /* Release */ = {
			isa = XCBuildConfiguration;
			buildSettings = {
				GCC_C_LANGUAGE_STANDARD = gnu99;
				PRODUCT_NAME = "$(TARGET_NAME)";
				USER_HEADER_SEARCH_PATHS = /Users/Fred/Documents/Bioinformatics/Var/include;
			};
			name = Release;
		};
/* End XCBuildConfiguration section */

/* Begin XCConfigurationList section */
		B6209BE51AE04DD700D289FC /* Build configuration list for PBXProject "VCFPopStat" */ = {
			isa = XCConfigurationList;
			buildConfigurations = (
				B6209BEF1AE04DD700D289FC /* Debug */,
				B6209BF01AE04DD700D289FC /* Release */,
			);
			defaultConfigurationIsVisible = 0;
			defaultConfigurationName = Release;
		};
		B6209BF11AE04DD700D289FC /* Build configuration list for PBXNativeTarget "VCFPopStat" */ = {
			isa = XCConfigurationList;
			buildConfigurations = (
				B6209BF21AE04DD700D289FC /* Debug */,
				B6209BF31AE04DD700D289FC /* Release */,
			);
			defaultConfigurationIsVisible = 0;
			defaultConfigurationName = Release;
		};
/* End XCConfigurationList section */
	};
	rootObject = B6209BE21AE04DD700D289FC /* Project object */;
}
